
Microsoft Visual Studio Solution File, Format Version 12.00
# Visual Studio Version 16
VisualStudioVersion = 16.0.32802.440
MinimumVisualStudioVersion = 10.0.40219.1
Project("{FAE04EC0-301F-11D3-BF4B-00C04F79EFBC}") = "RealEstate", "RealEstate\RealEstate.csproj", "{3659B09A-B33A-4A64-A072-AEC740F87806}"
EndProject
Project("{FAE04EC0-301F-11D3-BF4B-00C04F79EFBC}") = "RealEstateGUI", "RealEstateGUI\RealEstateGUI.csproj", "{A32B40DD-165F-42DA-AF17-67FB09E03129}"
EndProject
Global
	GlobalSection(SolutionConfigurationPlatforms) = preSolution
		Debug|Any CPU = Debug|Any CPU
		Release|Any CPU = Release|Any CPU
	EndGlobalSection
	GlobalSection(ProjectConfigurationPlatforms) = postSolution
		{3659B09A-B33A-4A64-A072-AEC740F87806}.Debug|Any CPU.ActiveCfg = Debug|Any CPU
		{3659B09A-B33A-4A64-A072-AEC740F87806}.Debug|Any CPU.Build.0 = Debug|Any CPU
		{3659B09A-B33A-4A64-A072-AEC740F87806}.Release|Any CPU.ActiveCfg = Release|Any CPU
		{3659B09A-B33A-4A64-A072-AEC740F87806}.Release|Any CPU.Build.0 = Release|Any CPU
		{A32B40DD-165F-42DA-AF17-67FB09E03129}.Debug|Any CPU.ActiveCfg = Debug|Any CPU
		{A32B40DD-165F-42DA-AF17-67FB09E03129}.Debug|Any CPU.Build.0 = Debug|Any CPU
		{A32B40DD-165F-42DA-AF17-67FB09E03129}.Release|Any CPU.ActiveCfg = Release|Any CPU
		{A32B40DD-165F-42DA-AF17-67FB09E03129}.Release|Any CPU.Build.0 = Release|Any CPU
	EndGlobalSection
	GlobalSection(SolutionProperties) = preSolution
		HideSolutionNode = FALSE
	EndGlobalSection
	GlobalSection(ExtensibilityGlobals) = postSolution
		SolutionGuid = {2041AA99-4220-4318-9FAE-568CF8D11107}
	EndGlobalSection
EndGlobal
